// !$*UTF8*$!
{
	archiveVersion = 1;
	classes = {
	};
	objectVersion = 42;
	objects = {

/* Begin PBXBuildFile section */
		3321b96c9659105f44350a6c0a6b0619 /* PS3EyeWindowAppDelegate.m in Sources */ = {isa = PBXBuildFile; fileRef = 464c839d30cceff771b2e422d22d39be /* PS3EyeWindowAppDelegate.m */; };
		38396F2217E2FED30099EA50 /* ExtendedFXObject.cpp in Sources */ = {isa = PBXBuildFile; fileRef = 38396F1717E2FED30099EA50 /* ExtendedFXObject.cpp */; };
		38396F2317E2FED30099EA50 /* Manager.cpp in Sources */ = {isa = PBXBuildFile; fileRef = 38396F1817E2FED30099EA50 /* Manager.cpp */; };
		38396F2417E2FED30099EA50 /* Patch.cpp in Sources */ = {isa = PBXBuildFile; fileRef = 38396F1917E2FED30099EA50 /* Patch.cpp */; };
		38396F2517E2FED30099EA50 /* PatchInput.cpp in Sources */ = {isa = PBXBuildFile; fileRef = 38396F1A17E2FED30099EA50 /* PatchInput.cpp */; };
		38396F2617E2FED30099EA50 /* PatchOutput.cpp in Sources */ = {isa = PBXBuildFile; fileRef = 38396F1B17E2FED30099EA50 /* PatchOutput.cpp */; };
		49a32c9017d805133ec68733043dc964 /* AGC.m in Sources */ = {isa = PBXBuildFile; fileRef = 3f33638670597c231fc3f62c1e9e3a46 /* AGC.m */; };
		4c223a5ac3b77923c42438f77e6dbe00 /* OV534Driver.m in Sources */ = {isa = PBXBuildFile; fileRef = cf1e9c1085a9a9924e1d8804a93220de /* OV534Driver.m */; };
		54246e0e70670038e43d95bc16105779 /* Histogram.m in Sources */ = {isa = PBXBuildFile; fileRef = b6de77b62f1e9d2bde3be888e91f8197 /* Histogram.m */; };
		56c1461d4d6df6d99fcb8a9ad25529df /* Resolvers.cpp in Sources */ = {isa = PBXBuildFile; fileRef = b57e64ee6d9af5e0a16fcd1e33da8a1b /* Resolvers.cpp */; };
		70d04cd0cf0891ebf497a21c168873e0 /* BayerConverter.m in Sources */ = {isa = PBXBuildFile; fileRef = e9d916e101e14e9227713e4dc1bc34b5 /* BayerConverter.m */; };
		7420f743c006b26b95ff90512867d88a /* LookUpTable.m in Sources */ = {isa = PBXBuildFile; fileRef = ee31c187f527e6c87eefd51d2d34fe36 /* LookUpTable.m */; };
		859c20916af9a4f8d4a929f6c3a84448 /* MyCameraDriver.m in Sources */ = {isa = PBXBuildFile; fileRef = e8b3cff2d76d23e5130b03c615717253 /* MyCameraDriver.m */; };
		90965e88edd92e0d10b07fe2f54456d8 /* Sensor.m in Sources */ = {isa = PBXBuildFile; fileRef = 4010a22ab915cb992f1b59bf4cadd039 /* Sensor.m */; };
		BBAB23CB13894F3D00AA2426 /* GLUT.framework in CopyFiles */ = {isa = PBXBuildFile; fileRef = BBAB23BE13894E4700AA2426 /* GLUT.framework */; };
		E4328149138ABC9F0047C5CB /* openFrameworksDebug.a in Frameworks */ = {isa = PBXBuildFile; fileRef = E4328148138ABC890047C5CB /* openFrameworksDebug.a */; };
		E45BE97B0E8CC7DD009D7055 /* AGL.framework in Frameworks */ = {isa = PBXBuildFile; fileRef = E45BE9710E8CC7DD009D7055 /* AGL.framework */; };
		E45BE97C0E8CC7DD009D7055 /* ApplicationServices.framework in Frameworks */ = {isa = PBXBuildFile; fileRef = E45BE9720E8CC7DD009D7055 /* ApplicationServices.framework */; };
		E45BE97D0E8CC7DD009D7055 /* AudioToolbox.framework in Frameworks */ = {isa = PBXBuildFile; fileRef = E45BE9730E8CC7DD009D7055 /* AudioToolbox.framework */; };
		E45BE97E0E8CC7DD009D7055 /* Carbon.framework in Frameworks */ = {isa = PBXBuildFile; fileRef = E45BE9740E8CC7DD009D7055 /* Carbon.framework */; };
		E45BE97F0E8CC7DD009D7055 /* CoreAudio.framework in Frameworks */ = {isa = PBXBuildFile; fileRef = E45BE9750E8CC7DD009D7055 /* CoreAudio.framework */; };
		E45BE9800E8CC7DD009D7055 /* CoreFoundation.framework in Frameworks */ = {isa = PBXBuildFile; fileRef = E45BE9760E8CC7DD009D7055 /* CoreFoundation.framework */; };
		E45BE9810E8CC7DD009D7055 /* CoreServices.framework in Frameworks */ = {isa = PBXBuildFile; fileRef = E45BE9770E8CC7DD009D7055 /* CoreServices.framework */; };
		E45BE9830E8CC7DD009D7055 /* OpenGL.framework in Frameworks */ = {isa = PBXBuildFile; fileRef = E45BE9790E8CC7DD009D7055 /* OpenGL.framework */; };
		E45BE9840E8CC7DD009D7055 /* QuickTime.framework in Frameworks */ = {isa = PBXBuildFile; fileRef = E45BE97A0E8CC7DD009D7055 /* QuickTime.framework */; };
		E4B69E200A3A1BDC003C02F2 /* main.cpp in Sources */ = {isa = PBXBuildFile; fileRef = E4B69E1D0A3A1BDC003C02F2 /* main.cpp */; };
		E4B69E210A3A1BDC003C02F2 /* testApp.cpp in Sources */ = {isa = PBXBuildFile; fileRef = E4B69E1E0A3A1BDC003C02F2 /* testApp.cpp */; };
		E4C2424710CC5A17004149E2 /* AppKit.framework in Frameworks */ = {isa = PBXBuildFile; fileRef = E4C2424410CC5A17004149E2 /* AppKit.framework */; };
		E4C2424810CC5A17004149E2 /* Cocoa.framework in Frameworks */ = {isa = PBXBuildFile; fileRef = E4C2424510CC5A17004149E2 /* Cocoa.framework */; };
		E4C2424910CC5A17004149E2 /* IOKit.framework in Frameworks */ = {isa = PBXBuildFile; fileRef = E4C2424610CC5A17004149E2 /* IOKit.framework */; };
		E4EB6799138ADC1D00A09F29 /* GLUT.framework in Frameworks */ = {isa = PBXBuildFile; fileRef = BBAB23BE13894E4700AA2426 /* GLUT.framework */; };
		a6e663c9c7f2b67585fca31a4ca51310 /* MyCameraInfo.m in Sources */ = {isa = PBXBuildFile; fileRef = 3cd03abe0301c38c40c1d15deb2f03a2 /* MyCameraInfo.m */; };
		a977196b829a665aaf57e123c79b476a /* FrameCounter.m in Sources */ = {isa = PBXBuildFile; fileRef = 6274cc2883159945c01aeedcdfae3fcb /* FrameCounter.m */; };
		adf8b0ea6a6b24734c9aa58c80d2a217 /* MiniGraphicsTools.cpp in Sources */ = {isa = PBXBuildFile; fileRef = 1754ff232d736fa53dbcd7f06a270ff8 /* MiniGraphicsTools.cpp */; };
		b9da57768b33f7c78565d9985be82795 /* MiscTools.cpp in Sources */ = {isa = PBXBuildFile; fileRef = 4c068762039e5b66a5822df1ada335dc /* MiscTools.cpp */; };
		cd33672097fda1ffbedaa629a4c322b4 /* GenericDriver.m in Sources */ = {isa = PBXBuildFile; fileRef = 1a67b9ce9777841b26a67c239080b1f7 /* GenericDriver.m */; };
		d181bfbb3780ad7fdfc2bf76815473aa /* ofxMacamPs3Eye.mm in Sources */ = {isa = PBXBuildFile; fileRef = 23ee769655944e3157cc5088372291bb /* ofxMacamPs3Eye.mm */; };
		f04cccf871b1f43935bf762b1b56f835 /* ControllerInterface.m in Sources */ = {isa = PBXBuildFile; fileRef = 5c34a8ac6c607a7afbaf4751205ee7c2 /* ControllerInterface.m */; };
		f3e713688b294518f741b7e9625fa567 /* MyCameraCentral.m in Sources */ = {isa = PBXBuildFile; fileRef = 32fa4dc39ad4eded926b01b0cd8d95da /* MyCameraCentral.m */; };
/* End PBXBuildFile section */

/* Begin PBXContainerItemProxy section */
		E4328147138ABC890047C5CB /* PBXContainerItemProxy */ = {
			isa = PBXContainerItemProxy;
			containerPortal = E4328143138ABC890047C5CB /* openFrameworksLib.xcodeproj */;
			proxyType = 2;
			remoteGlobalIDString = E4B27C1510CBEB8E00536013;
			remoteInfo = openFrameworks;
		};
		E4EEB9AB138B136A00A80321 /* PBXContainerItemProxy */ = {
			isa = PBXContainerItemProxy;
			containerPortal = E4328143138ABC890047C5CB /* openFrameworksLib.xcodeproj */;
			proxyType = 1;
			remoteGlobalIDString = E4B27C1410CBEB8E00536013;
			remoteInfo = openFrameworks;
		};
/* End PBXContainerItemProxy section */

/* Begin PBXCopyFilesBuildPhase section */
		E4C2427710CC5ABF004149E2 /* CopyFiles */ = {
			isa = PBXCopyFilesBuildPhase;
			buildActionMask = 2147483647;
			dstPath = "";
			dstSubfolderSpec = 10;
			files = (
				BBAB23CB13894F3D00AA2426 /* GLUT.framework in CopyFiles */,
			);
			runOnlyForDeploymentPostprocessing = 0;
		};
/* End PBXCopyFilesBuildPhase section */

/* Begin PBXFileReference section */
		137e35916e00e8f932c77f4f152415cc /* MyCameraCentral.h */ = {isa = PBXFileReference; explicitFileType = sourcecode.c.h; fileEncoding = 30; name = MyCameraCentral.h; path = ../../../addons/ofxMacamPs3Eye/src/macam/include/MyCameraCentral.h; sourceTree = SOURCE_ROOT; };
		1754ff232d736fa53dbcd7f06a270ff8 /* MiniGraphicsTools.cpp */ = {isa = PBXFileReference; explicitFileType = sourcecode.cpp.cpp; fileEncoding = 30; name = MiniGraphicsTools.cpp; path = ../../../addons/ofxMacamPs3Eye/src/macam/MiniGraphicsTools.cpp; sourceTree = SOURCE_ROOT; };
		1a67b9ce9777841b26a67c239080b1f7 /* GenericDriver.m */ = {isa = PBXFileReference; explicitFileType = sourcecode.cpp.objcpp; fileEncoding = 30; name = GenericDriver.m; path = ../../../addons/ofxMacamPs3Eye/src/macam/GenericDriver.m; sourceTree = SOURCE_ROOT; };
		1c0de6ddd52e789af4aa5fe6b5e4a635 /* Sensor.h */ = {isa = PBXFileReference; explicitFileType = sourcecode.c.h; fileEncoding = 30; name = Sensor.h; path = ../../../addons/ofxMacamPs3Eye/src/macam/include/Sensor.h; sourceTree = SOURCE_ROOT; };
		23ee769655944e3157cc5088372291bb /* ofxMacamPs3Eye.mm */ = {isa = PBXFileReference; explicitFileType = sourcecode.cpp.objcpp; fileEncoding = 30; name = ofxMacamPs3Eye.mm; path = ../../../addons/ofxMacamPs3Eye/src/ofxMacamPs3Eye.mm; sourceTree = SOURCE_ROOT; };
		2614fa287618e9cfafbf1c7b8cdf0866 /* FrameCounter.h */ = {isa = PBXFileReference; explicitFileType = sourcecode.c.h; fileEncoding = 30; name = FrameCounter.h; path = ../../../addons/ofxMacamPs3Eye/src/macam/include/FrameCounter.h; sourceTree = SOURCE_ROOT; };
		2c52c43910e7831daa684ac03009aca5 /* AGC.h */ = {isa = PBXFileReference; explicitFileType = sourcecode.c.h; fileEncoding = 30; name = AGC.h; path = ../../../addons/ofxMacamPs3Eye/src/macam/include/AGC.h; sourceTree = SOURCE_ROOT; };
		2eb74ad8b15d2ae23201a2cf2acc2da6 /* MyCameraDriver.h */ = {isa = PBXFileReference; explicitFileType = sourcecode.c.h; fileEncoding = 30; name = MyCameraDriver.h; path = ../../../addons/ofxMacamPs3Eye/src/macam/include/MyCameraDriver.h; sourceTree = SOURCE_ROOT; };
		32fa4dc39ad4eded926b01b0cd8d95da /* MyCameraCentral.m */ = {isa = PBXFileReference; explicitFileType = sourcecode.cpp.objcpp; fileEncoding = 30; name = MyCameraCentral.m; path = ../../../addons/ofxMacamPs3Eye/src/macam/MyCameraCentral.m; sourceTree = SOURCE_ROOT; };
		38396EE517E2FED30099EA50 /* Constants.h */ = {isa = PBXFileReference; fileEncoding = 4; lastKnownFileType = sourcecode.c.h; path = Constants.h; sourceTree = "<group>"; };
		38396EE617E2FED30099EA50 /* ExtendedFXObject.h */ = {isa = PBXFileReference; fileEncoding = 4; lastKnownFileType = sourcecode.c.h; path = ExtendedFXObject.h; sourceTree = "<group>"; };
		38396EE717E2FED30099EA50 /* Manager.h */ = {isa = PBXFileReference; fileEncoding = 4; lastKnownFileType = sourcecode.c.h; path = Manager.h; sourceTree = "<group>"; };
		38396EE817E2FED30099EA50 /* Patch.h */ = {isa = PBXFileReference; fileEncoding = 4; lastKnownFileType = sourcecode.c.h; path = Patch.h; sourceTree = "<group>"; };
		38396EEA17E2FED30099EA50 /* Accumulator.h */ = {isa = PBXFileReference; fileEncoding = 4; lastKnownFileType = sourcecode.c.h; path = Accumulator.h; sourceTree = "<group>"; };
		38396EEB17E2FED30099EA50 /* AlphaMask.h */ = {isa = PBXFileReference; fileEncoding = 4; lastKnownFileType = sourcecode.c.h; path = AlphaMask.h; sourceTree = "<group>"; };
		38396EEC17E2FED30099EA50 /* BandFilter.h */ = {isa = PBXFileReference; fileEncoding = 4; lastKnownFileType = sourcecode.c.h; path = BandFilter.h; sourceTree = "<group>"; };
		38396EED17E2FED30099EA50 /* BandPass.h */ = {isa = PBXFileReference; fileEncoding = 4; lastKnownFileType = sourcecode.c.h; path = BandPass.h; sourceTree = "<group>"; };
		38396EEE17E2FED30099EA50 /* BandThreshold.h */ = {isa = PBXFileReference; fileEncoding = 4; lastKnownFileType = sourcecode.c.h; path = BandThreshold.h; sourceTree = "<group>"; };
		38396EEF17E2FED30099EA50 /* Base3x3KernelEffect.h */ = {isa = PBXFileReference; fileEncoding = 4; lastKnownFileType = sourcecode.c.h; path = Base3x3KernelEffect.h; sourceTree = "<group>"; };
		38396EF017E2FED30099EA50 /* Base5x5KernelEffect.h */ = {isa = PBXFileReference; fileEncoding = 4; lastKnownFileType = sourcecode.c.h; path = Base5x5KernelEffect.h; sourceTree = "<group>"; };
		38396EF117E2FED30099EA50 /* Base7x7KernelEffect.h */ = {isa = PBXFileReference; fileEncoding = 4; lastKnownFileType = sourcecode.c.h; path = Base7x7KernelEffect.h; sourceTree = "<group>"; };
		38396EF217E2FED30099EA50 /* BaseKernelEffect.h */ = {isa = PBXFileReference; fileEncoding = 4; lastKnownFileType = sourcecode.c.h; path = BaseKernelEffect.h; sourceTree = "<group>"; };
		38396EF317E2FED30099EA50 /* BitwiseAND.h */ = {isa = PBXFileReference; fileEncoding = 4; lastKnownFileType = sourcecode.c.h; path = BitwiseAND.h; sourceTree = "<group>"; };
		38396EF417E2FED30099EA50 /* BitwiseOR.h */ = {isa = PBXFileReference; fileEncoding = 4; lastKnownFileType = sourcecode.c.h; path = BitwiseOR.h; sourceTree = "<group>"; };
		38396EF517E2FED30099EA50 /* BitwiseXOR.h */ = {isa = PBXFileReference; fileEncoding = 4; lastKnownFileType = sourcecode.c.h; path = BitwiseXOR.h; sourceTree = "<group>"; };
		38396EF617E2FED30099EA50 /* BlurGaussian.h */ = {isa = PBXFileReference; fileEncoding = 4; lastKnownFileType = sourcecode.c.h; path = BlurGaussian.h; sourceTree = "<group>"; };
		38396EF717E2FED30099EA50 /* BlurMedian.h */ = {isa = PBXFileReference; fileEncoding = 4; lastKnownFileType = sourcecode.c.h; path = BlurMedian.h; sourceTree = "<group>"; };
		38396EF817E2FED30099EA50 /* BrightnessContrast.h */ = {isa = PBXFileReference; fileEncoding = 4; lastKnownFileType = sourcecode.c.h; path = BrightnessContrast.h; sourceTree = "<group>"; };
		38396EF917E2FED30099EA50 /* ChannelBalancer.h */ = {isa = PBXFileReference; fileEncoding = 4; lastKnownFileType = sourcecode.c.h; path = ChannelBalancer.h; sourceTree = "<group>"; };
		38396EFA17E2FED30099EA50 /* ChannelCombiner.h */ = {isa = PBXFileReference; fileEncoding = 4; lastKnownFileType = sourcecode.c.h; path = ChannelCombiner.h; sourceTree = "<group>"; };
		38396EFB17E2FED30099EA50 /* ChannelMask.h */ = {isa = PBXFileReference; fileEncoding = 4; lastKnownFileType = sourcecode.c.h; path = ChannelMask.h; sourceTree = "<group>"; };
		38396EFC17E2FED30099EA50 /* ColorBlock.h */ = {isa = PBXFileReference; fileEncoding = 4; lastKnownFileType = sourcecode.c.h; path = ColorBlock.h; sourceTree = "<group>"; };
		38396EFD17E2FED30099EA50 /* Crop.h */ = {isa = PBXFileReference; fileEncoding = 4; lastKnownFileType = sourcecode.c.h; path = Crop.h; sourceTree = "<group>"; };
		38396EFE17E2FED30099EA50 /* CustomBW.h */ = {isa = PBXFileReference; fileEncoding = 4; lastKnownFileType = sourcecode.c.h; path = CustomBW.h; sourceTree = "<group>"; };
		38396EFF17E2FED30099EA50 /* DifferenceAbsolute.h */ = {isa = PBXFileReference; fileEncoding = 4; lastKnownFileType = sourcecode.c.h; path = DifferenceAbsolute.h; sourceTree = "<group>"; };
		38396F0017E2FED30099EA50 /* DifferenceDarken.h */ = {isa = PBXFileReference; fileEncoding = 4; lastKnownFileType = sourcecode.c.h; path = DifferenceDarken.h; sourceTree = "<group>"; };
		38396F0117E2FED30099EA50 /* DifferenceLigthen.h */ = {isa = PBXFileReference; fileEncoding = 4; lastKnownFileType = sourcecode.c.h; path = DifferenceLigthen.h; sourceTree = "<group>"; };
		38396F0217E2FED30099EA50 /* Dilate.h */ = {isa = PBXFileReference; fileEncoding = 4; lastKnownFileType = sourcecode.c.h; path = Dilate.h; sourceTree = "<group>"; };
		38396F0317E2FED30099EA50 /* EdgeLaplacian.h */ = {isa = PBXFileReference; fileEncoding = 4; lastKnownFileType = sourcecode.c.h; path = EdgeLaplacian.h; sourceTree = "<group>"; };
		38396F0417E2FED30099EA50 /* EdgePrewitt.h */ = {isa = PBXFileReference; fileEncoding = 4; lastKnownFileType = sourcecode.c.h; path = EdgePrewitt.h; sourceTree = "<group>"; };
		38396F0517E2FED30099EA50 /* EdgeSobel.h */ = {isa = PBXFileReference; fileEncoding = 4; lastKnownFileType = sourcecode.c.h; path = EdgeSobel.h; sourceTree = "<group>"; };
		38396F0617E2FED30099EA50 /* Erode.h */ = {isa = PBXFileReference; fileEncoding = 4; lastKnownFileType = sourcecode.c.h; path = Erode.h; sourceTree = "<group>"; };
		38396F0717E2FED30099EA50 /* FixedSource.h */ = {isa = PBXFileReference; fileEncoding = 4; lastKnownFileType = sourcecode.c.h; path = FixedSource.h; sourceTree = "<group>"; };
		38396F0817E2FED30099EA50 /* Gamma.h */ = {isa = PBXFileReference; fileEncoding = 4; lastKnownFileType = sourcecode.c.h; path = Gamma.h; sourceTree = "<group>"; };
		38396F0917E2FED30099EA50 /* HayasakaBlend.h */ = {isa = PBXFileReference; fileEncoding = 4; lastKnownFileType = sourcecode.c.h; path = HayasakaBlend.h; sourceTree = "<group>"; };
		38396F0A17E2FED30099EA50 /* HSL.h */ = {isa = PBXFileReference; fileEncoding = 4; lastKnownFileType = sourcecode.c.h; path = HSL.h; sourceTree = "<group>"; };
		38396F0B17E2FED30099EA50 /* Invert.h */ = {isa = PBXFileReference; fileEncoding = 4; lastKnownFileType = sourcecode.c.h; path = Invert.h; sourceTree = "<group>"; };
		38396F0C17E2FED30099EA50 /* OpticalFlow.h */ = {isa = PBXFileReference; fileEncoding = 4; lastKnownFileType = sourcecode.c.h; path = OpticalFlow.h; sourceTree = "<group>"; };
		38396F0D17E2FED30099EA50 /* Paintbrush.h */ = {isa = PBXFileReference; fileEncoding = 4; lastKnownFileType = sourcecode.c.h; path = Paintbrush.h; sourceTree = "<group>"; };
		38396F0E17E2FED30099EA50 /* PerspectiveWarp.h */ = {isa = PBXFileReference; fileEncoding = 4; lastKnownFileType = sourcecode.c.h; path = PerspectiveWarp.h; sourceTree = "<group>"; };
		38396F0F17E2FED30099EA50 /* RGBtoHSL.h */ = {isa = PBXFileReference; fileEncoding = 4; lastKnownFileType = sourcecode.c.h; path = RGBtoHSL.h; sourceTree = "<group>"; };
		38396F1017E2FED30099EA50 /* Sharpen.h */ = {isa = PBXFileReference; fileEncoding = 4; lastKnownFileType = sourcecode.c.h; path = Sharpen.h; sourceTree = "<group>"; };
		38396F1117E2FED30099EA50 /* SphericalDistortion.h */ = {isa = PBXFileReference; fileEncoding = 4; lastKnownFileType = sourcecode.c.h; path = SphericalDistortion.h; sourceTree = "<group>"; };
		38396F1217E2FED30099EA50 /* TextureTiler.h */ = {isa = PBXFileReference; fileEncoding = 4; lastKnownFileType = sourcecode.c.h; path = TextureTiler.h; sourceTree = "<group>"; };
		38396F1317E2FED30099EA50 /* Threshold.h */ = {isa = PBXFileReference; fileEncoding = 4; lastKnownFileType = sourcecode.c.h; path = Threshold.h; sourceTree = "<group>"; };
		38396F1417E2FED30099EA50 /* PatchInput.h */ = {isa = PBXFileReference; fileEncoding = 4; lastKnownFileType = sourcecode.c.h; path = PatchInput.h; sourceTree = "<group>"; };
		38396F1517E2FED30099EA50 /* PatchOutput.h */ = {isa = PBXFileReference; fileEncoding = 4; lastKnownFileType = sourcecode.c.h; path = PatchOutput.h; sourceTree = "<group>"; };
		38396F1717E2FED30099EA50 /* ExtendedFXObject.cpp */ = {isa = PBXFileReference; fileEncoding = 4; lastKnownFileType = sourcecode.cpp.cpp; path = ExtendedFXObject.cpp; sourceTree = "<group>"; };
		38396F1817E2FED30099EA50 /* Manager.cpp */ = {isa = PBXFileReference; fileEncoding = 4; lastKnownFileType = sourcecode.cpp.cpp; path = Manager.cpp; sourceTree = "<group>"; };
		38396F1917E2FED30099EA50 /* Patch.cpp */ = {isa = PBXFileReference; fileEncoding = 4; lastKnownFileType = sourcecode.cpp.cpp; path = Patch.cpp; sourceTree = "<group>"; };
		38396F1A17E2FED30099EA50 /* PatchInput.cpp */ = {isa = PBXFileReference; fileEncoding = 4; lastKnownFileType = sourcecode.cpp.cpp; path = PatchInput.cpp; sourceTree = "<group>"; };
		38396F1B17E2FED30099EA50 /* PatchOutput.cpp */ = {isa = PBXFileReference; fileEncoding = 4; lastKnownFileType = sourcecode.cpp.cpp; path = PatchOutput.cpp; sourceTree = "<group>"; };
		38396F1D17E2FED30099EA50 /* ofxPatches.h */ = {isa = PBXFileReference; fileEncoding = 4; lastKnownFileType = sourcecode.c.h; path = ofxPatches.h; sourceTree = "<group>"; };
		3cd03abe0301c38c40c1d15deb2f03a2 /* MyCameraInfo.m */ = {isa = PBXFileReference; explicitFileType = sourcecode.cpp.objcpp; fileEncoding = 30; name = MyCameraInfo.m; path = ../../../addons/ofxMacamPs3Eye/src/macam/MyCameraInfo.m; sourceTree = SOURCE_ROOT; };
		3f33638670597c231fc3f62c1e9e3a46 /* AGC.m */ = {isa = PBXFileReference; explicitFileType = sourcecode.cpp.objcpp; fileEncoding = 30; name = AGC.m; path = ../../../addons/ofxMacamPs3Eye/src/macam/AGC.m; sourceTree = SOURCE_ROOT; };
		4010a22ab915cb992f1b59bf4cadd039 /* Sensor.m */ = {isa = PBXFileReference; explicitFileType = sourcecode.cpp.objcpp; fileEncoding = 30; name = Sensor.m; path = ../../../addons/ofxMacamPs3Eye/src/macam/Sensor.m; sourceTree = SOURCE_ROOT; };
		464c839d30cceff771b2e422d22d39be /* PS3EyeWindowAppDelegate.m */ = {isa = PBXFileReference; explicitFileType = sourcecode.cpp.objcpp; fileEncoding = 30; name = PS3EyeWindowAppDelegate.m; path = ../../../addons/ofxMacamPs3Eye/src/PS3EyeWindowAppDelegate.m; sourceTree = SOURCE_ROOT; };
		47be5485b4a3f404846499fa6e2f0495 /* MiscTools.h */ = {isa = PBXFileReference; explicitFileType = sourcecode.c.h; fileEncoding = 30; name = MiscTools.h; path = ../../../addons/ofxMacamPs3Eye/src/macam/include/MiscTools.h; sourceTree = SOURCE_ROOT; };
		4c068762039e5b66a5822df1ada335dc /* MiscTools.cpp */ = {isa = PBXFileReference; explicitFileType = sourcecode.cpp.cpp; fileEncoding = 30; name = MiscTools.cpp; path = ../../../addons/ofxMacamPs3Eye/src/macam/MiscTools.cpp; sourceTree = SOURCE_ROOT; };
		5c34a8ac6c607a7afbaf4751205ee7c2 /* ControllerInterface.m */ = {isa = PBXFileReference; explicitFileType = sourcecode.cpp.objcpp; fileEncoding = 30; name = ControllerInterface.m; path = ../../../addons/ofxMacamPs3Eye/src/macam/ControllerInterface.m; sourceTree = SOURCE_ROOT; };
		6274cc2883159945c01aeedcdfae3fcb /* FrameCounter.m */ = {isa = PBXFileReference; explicitFileType = sourcecode.cpp.objcpp; fileEncoding = 30; name = FrameCounter.m; path = ../../../addons/ofxMacamPs3Eye/src/macam/FrameCounter.m; sourceTree = SOURCE_ROOT; };
		6d052dc6b3f5629d6e7143259fae5ce2 /* ofxMacamPs3Eye.h */ = {isa = PBXFileReference; explicitFileType = sourcecode.c.h; fileEncoding = 30; name = ofxMacamPs3Eye.h; path = ../../../addons/ofxMacamPs3Eye/src/ofxMacamPs3Eye.h; sourceTree = SOURCE_ROOT; };
		6e44e5c09c8d861d4939f9ae2cccac10 /* BayerConverter.h */ = {isa = PBXFileReference; explicitFileType = sourcecode.c.h; fileEncoding = 30; name = BayerConverter.h; path = ../../../addons/ofxMacamPs3Eye/src/macam/include/BayerConverter.h; sourceTree = SOURCE_ROOT; };
		77931d91b3b629c34fa05dab49318c08 /* Resolvers.h */ = {isa = PBXFileReference; explicitFileType = sourcecode.c.h; fileEncoding = 30; name = Resolvers.h; path = ../../../addons/ofxMacamPs3Eye/src/macam/include/Resolvers.h; sourceTree = SOURCE_ROOT; };
		87d93ee57ad57449e2495a189b645024 /* GlobalDefs.h */ = {isa = PBXFileReference; explicitFileType = sourcecode.c.h; fileEncoding = 30; name = GlobalDefs.h; path = ../../../addons/ofxMacamPs3Eye/src/macam/include/GlobalDefs.h; sourceTree = SOURCE_ROOT; };
		96a74eee44271a03cd567617b2d1ba9a /* OV534Driver.h */ = {isa = PBXFileReference; explicitFileType = sourcecode.c.h; fileEncoding = 30; name = OV534Driver.h; path = ../../../addons/ofxMacamPs3Eye/src/macam/include/OV534Driver.h; sourceTree = SOURCE_ROOT; };
		BBAB23BE13894E4700AA2426 /* GLUT.framework */ = {isa = PBXFileReference; lastKnownFileType = wrapper.framework; name = GLUT.framework; path = ../../../libs/glut/lib/osx/GLUT.framework; sourceTree = "<group>"; };
		E4328143138ABC890047C5CB /* openFrameworksLib.xcodeproj */ = {isa = PBXFileReference; lastKnownFileType = "wrapper.pb-project"; name = openFrameworksLib.xcodeproj; path = ../../../libs/openFrameworksCompiled/project/osx/openFrameworksLib.xcodeproj; sourceTree = SOURCE_ROOT; };
		E45BE9710E8CC7DD009D7055 /* AGL.framework */ = {isa = PBXFileReference; lastKnownFileType = wrapper.framework; name = AGL.framework; path = /System/Library/Frameworks/AGL.framework; sourceTree = "<absolute>"; };
		E45BE9720E8CC7DD009D7055 /* ApplicationServices.framework */ = {isa = PBXFileReference; lastKnownFileType = wrapper.framework; name = ApplicationServices.framework; path = /System/Library/Frameworks/ApplicationServices.framework; sourceTree = "<absolute>"; };
		E45BE9730E8CC7DD009D7055 /* AudioToolbox.framework */ = {isa = PBXFileReference; lastKnownFileType = wrapper.framework; name = AudioToolbox.framework; path = /System/Library/Frameworks/AudioToolbox.framework; sourceTree = "<absolute>"; };
		E45BE9740E8CC7DD009D7055 /* Carbon.framework */ = {isa = PBXFileReference; lastKnownFileType = wrapper.framework; name = Carbon.framework; path = /System/Library/Frameworks/Carbon.framework; sourceTree = "<absolute>"; };
		E45BE9750E8CC7DD009D7055 /* CoreAudio.framework */ = {isa = PBXFileReference; lastKnownFileType = wrapper.framework; name = CoreAudio.framework; path = /System/Library/Frameworks/CoreAudio.framework; sourceTree = "<absolute>"; };
		E45BE9760E8CC7DD009D7055 /* CoreFoundation.framework */ = {isa = PBXFileReference; lastKnownFileType = wrapper.framework; name = CoreFoundation.framework; path = /System/Library/Frameworks/CoreFoundation.framework; sourceTree = "<absolute>"; };
		E45BE9770E8CC7DD009D7055 /* CoreServices.framework */ = {isa = PBXFileReference; lastKnownFileType = wrapper.framework; name = CoreServices.framework; path = /System/Library/Frameworks/CoreServices.framework; sourceTree = "<absolute>"; };
		E45BE9790E8CC7DD009D7055 /* OpenGL.framework */ = {isa = PBXFileReference; lastKnownFileType = wrapper.framework; name = OpenGL.framework; path = /System/Library/Frameworks/OpenGL.framework; sourceTree = "<absolute>"; };
		E45BE97A0E8CC7DD009D7055 /* QuickTime.framework */ = {isa = PBXFileReference; lastKnownFileType = wrapper.framework; name = QuickTime.framework; path = /System/Library/Frameworks/QuickTime.framework; sourceTree = "<absolute>"; };
		E4B69B5B0A3A1756003C02F2 /* exampleDebug.app */ = {isa = PBXFileReference; explicitFileType = wrapper.application; includeInIndex = 0; path = exampleDebug.app; sourceTree = BUILT_PRODUCTS_DIR; };
		E4B69E1D0A3A1BDC003C02F2 /* main.cpp */ = {isa = PBXFileReference; fileEncoding = 30; lastKnownFileType = sourcecode.cpp.cpp; name = main.cpp; path = src/main.cpp; sourceTree = SOURCE_ROOT; };
		E4B69E1E0A3A1BDC003C02F2 /* testApp.cpp */ = {isa = PBXFileReference; explicitFileType = sourcecode.cpp.cpp; fileEncoding = 30; name = testApp.cpp; path = src/testApp.cpp; sourceTree = SOURCE_ROOT; };
		E4B69E1F0A3A1BDC003C02F2 /* testApp.h */ = {isa = PBXFileReference; fileEncoding = 30; lastKnownFileType = sourcecode.c.h; name = testApp.h; path = src/testApp.h; sourceTree = SOURCE_ROOT; };
		E4B6FCAD0C3E899E008CF71C /* openFrameworks-Info.plist */ = {isa = PBXFileReference; fileEncoding = 30; lastKnownFileType = text.plist.xml; path = "openFrameworks-Info.plist"; sourceTree = "<group>"; };
		E4C2424410CC5A17004149E2 /* AppKit.framework */ = {isa = PBXFileReference; lastKnownFileType = wrapper.framework; name = AppKit.framework; path = /System/Library/Frameworks/AppKit.framework; sourceTree = "<absolute>"; };
		E4C2424510CC5A17004149E2 /* Cocoa.framework */ = {isa = PBXFileReference; lastKnownFileType = wrapper.framework; name = Cocoa.framework; path = /System/Library/Frameworks/Cocoa.framework; sourceTree = "<absolute>"; };
		E4C2424610CC5A17004149E2 /* IOKit.framework */ = {isa = PBXFileReference; lastKnownFileType = wrapper.framework; name = IOKit.framework; path = /System/Library/Frameworks/IOKit.framework; sourceTree = "<absolute>"; };
		E4EB691F138AFCF100A09F29 /* CoreOF.xcconfig */ = {isa = PBXFileReference; fileEncoding = 4; lastKnownFileType = text.xcconfig; name = CoreOF.xcconfig; path = ../../../libs/openFrameworksCompiled/project/osx/CoreOF.xcconfig; sourceTree = SOURCE_ROOT; };
		E4EB6923138AFD0F00A09F29 /* Project.xcconfig */ = {isa = PBXFileReference; fileEncoding = 4; lastKnownFileType = text.xcconfig; path = Project.xcconfig; sourceTree = "<group>"; };
		ab387c0823b100ffddbbf9d2459c7880 /* LookUpTable.h */ = {isa = PBXFileReference; explicitFileType = sourcecode.c.h; fileEncoding = 30; name = LookUpTable.h; path = ../../../addons/ofxMacamPs3Eye/src/macam/include/LookUpTable.h; sourceTree = SOURCE_ROOT; };
		b57e64ee6d9af5e0a16fcd1e33da8a1b /* Resolvers.cpp */ = {isa = PBXFileReference; explicitFileType = sourcecode.cpp.cpp; fileEncoding = 30; name = Resolvers.cpp; path = ../../../addons/ofxMacamPs3Eye/src/macam/Resolvers.cpp; sourceTree = SOURCE_ROOT; };
		b6de77b62f1e9d2bde3be888e91f8197 /* Histogram.m */ = {isa = PBXFileReference; explicitFileType = sourcecode.cpp.objcpp; fileEncoding = 30; name = Histogram.m; path = ../../../addons/ofxMacamPs3Eye/src/macam/Histogram.m; sourceTree = SOURCE_ROOT; };
		bbfe848658bfd39968b880ead0c3938d /* MyCameraInfo.h */ = {isa = PBXFileReference; explicitFileType = sourcecode.c.h; fileEncoding = 30; name = MyCameraInfo.h; path = ../../../addons/ofxMacamPs3Eye/src/macam/include/MyCameraInfo.h; sourceTree = SOURCE_ROOT; };
		bc9cfe7abb8db2ca0f20d3fe4d994960 /* ControllerInterface.h */ = {isa = PBXFileReference; explicitFileType = sourcecode.c.h; fileEncoding = 30; name = ControllerInterface.h; path = ../../../addons/ofxMacamPs3Eye/src/macam/include/ControllerInterface.h; sourceTree = SOURCE_ROOT; };
		c98555832c3fdead35dc1cf47cb89fb8 /* MiniGraphicsTools.h */ = {isa = PBXFileReference; explicitFileType = sourcecode.c.h; fileEncoding = 30; name = MiniGraphicsTools.h; path = ../../../addons/ofxMacamPs3Eye/src/macam/include/MiniGraphicsTools.h; sourceTree = SOURCE_ROOT; };
		cf1e9c1085a9a9924e1d8804a93220de /* OV534Driver.m */ = {isa = PBXFileReference; explicitFileType = sourcecode.cpp.objcpp; fileEncoding = 30; name = OV534Driver.m; path = ../../../addons/ofxMacamPs3Eye/src/macam/OV534Driver.m; sourceTree = SOURCE_ROOT; };
		e8b3cff2d76d23e5130b03c615717253 /* MyCameraDriver.m */ = {isa = PBXFileReference; explicitFileType = sourcecode.cpp.objcpp; fileEncoding = 30; name = MyCameraDriver.m; path = ../../../addons/ofxMacamPs3Eye/src/macam/MyCameraDriver.m; sourceTree = SOURCE_ROOT; };
		e9d916e101e14e9227713e4dc1bc34b5 /* BayerConverter.m */ = {isa = PBXFileReference; explicitFileType = sourcecode.cpp.objcpp; fileEncoding = 30; name = BayerConverter.m; path = ../../../addons/ofxMacamPs3Eye/src/macam/BayerConverter.m; sourceTree = SOURCE_ROOT; };
		eb138edee72a0fb98099f3dae821cbb8 /* Histogram.h */ = {isa = PBXFileReference; explicitFileType = sourcecode.c.h; fileEncoding = 30; name = Histogram.h; path = ../../../addons/ofxMacamPs3Eye/src/macam/include/Histogram.h; sourceTree = SOURCE_ROOT; };
		ee31c187f527e6c87eefd51d2d34fe36 /* LookUpTable.m */ = {isa = PBXFileReference; explicitFileType = sourcecode.cpp.objcpp; fileEncoding = 30; name = LookUpTable.m; path = ../../../addons/ofxMacamPs3Eye/src/macam/LookUpTable.m; sourceTree = SOURCE_ROOT; };
		f02d6d110be6f1f1d1c6544f99ebcac0 /* PS3EyeWindowAppDelegate.h */ = {isa = PBXFileReference; explicitFileType = sourcecode.c.h; fileEncoding = 30; name = PS3EyeWindowAppDelegate.h; path = ../../../addons/ofxMacamPs3Eye/src/PS3EyeWindowAppDelegate.h; sourceTree = SOURCE_ROOT; };
		f4298e07120123a1bdc14911b2b36bac /* GenericDriver.h */ = {isa = PBXFileReference; explicitFileType = sourcecode.c.h; fileEncoding = 30; name = GenericDriver.h; path = ../../../addons/ofxMacamPs3Eye/src/macam/include/GenericDriver.h; sourceTree = SOURCE_ROOT; };
/* End PBXFileReference section */

/* Begin PBXFrameworksBuildPhase section */
		E4B69B590A3A1756003C02F2 /* Frameworks */ = {
			isa = PBXFrameworksBuildPhase;
			buildActionMask = 2147483647;
			files = (
				E4EB6799138ADC1D00A09F29 /* GLUT.framework in Frameworks */,
				E4328149138ABC9F0047C5CB /* openFrameworksDebug.a in Frameworks */,
				E45BE97B0E8CC7DD009D7055 /* AGL.framework in Frameworks */,
				E45BE97C0E8CC7DD009D7055 /* ApplicationServices.framework in Frameworks */,
				E45BE97D0E8CC7DD009D7055 /* AudioToolbox.framework in Frameworks */,
				E45BE97E0E8CC7DD009D7055 /* Carbon.framework in Frameworks */,
				E45BE97F0E8CC7DD009D7055 /* CoreAudio.framework in Frameworks */,
				E45BE9800E8CC7DD009D7055 /* CoreFoundation.framework in Frameworks */,
				E45BE9810E8CC7DD009D7055 /* CoreServices.framework in Frameworks */,
				E45BE9830E8CC7DD009D7055 /* OpenGL.framework in Frameworks */,
				E45BE9840E8CC7DD009D7055 /* QuickTime.framework in Frameworks */,
				E4C2424710CC5A17004149E2 /* AppKit.framework in Frameworks */,
				E4C2424810CC5A17004149E2 /* Cocoa.framework in Frameworks */,
				E4C2424910CC5A17004149E2 /* IOKit.framework in Frameworks */,
			);
			runOnlyForDeploymentPostprocessing = 0;
		};
/* End PBXFrameworksBuildPhase section */

/* Begin PBXGroup section */
		11b655511d84b97d78ab06e692acb3c3 /* macam */ = {
			isa = PBXGroup;
			children = (
				3f33638670597c231fc3f62c1e9e3a46 /* AGC.m */,
				e9d916e101e14e9227713e4dc1bc34b5 /* BayerConverter.m */,
				5c34a8ac6c607a7afbaf4751205ee7c2 /* ControllerInterface.m */,
				6274cc2883159945c01aeedcdfae3fcb /* FrameCounter.m */,
				1a67b9ce9777841b26a67c239080b1f7 /* GenericDriver.m */,
				b6de77b62f1e9d2bde3be888e91f8197 /* Histogram.m */,
				f8614ff489415b4be9008a0999ab7079 /* include */,
				ee31c187f527e6c87eefd51d2d34fe36 /* LookUpTable.m */,
				1754ff232d736fa53dbcd7f06a270ff8 /* MiniGraphicsTools.cpp */,
				4c068762039e5b66a5822df1ada335dc /* MiscTools.cpp */,
				32fa4dc39ad4eded926b01b0cd8d95da /* MyCameraCentral.m */,
				e8b3cff2d76d23e5130b03c615717253 /* MyCameraDriver.m */,
				3cd03abe0301c38c40c1d15deb2f03a2 /* MyCameraInfo.m */,
				cf1e9c1085a9a9924e1d8804a93220de /* OV534Driver.m */,
				b57e64ee6d9af5e0a16fcd1e33da8a1b /* Resolvers.cpp */,
				4010a22ab915cb992f1b59bf4cadd039 /* Sensor.m */,
			);
			name = macam;
			sourceTree = "<group>";
		};
		13ebfbd5a535d9f601941ac0a4ac6aba /* ofxMacamPs3Eye */ = {
			isa = PBXGroup;
			children = (
				e5e0522c87296aa71173405060d028a5 /* src */,
			);
			name = ofxMacamPs3Eye;
			sourceTree = "<group>";
		};
		38396ECA17E2FED30099EA50 /* ofxPatches */ = {
			isa = PBXGroup;
			children = (
				38396EE117E2FED30099EA50 /* libs */,
				38396F1C17E2FED30099EA50 /* src */,
			);
			name = ofxPatches;
			path = ../../ofxPatches;
			sourceTree = "<group>";
		};
		38396EE117E2FED30099EA50 /* libs */ = {
			isa = PBXGroup;
			children = (
				38396EE217E2FED30099EA50 /* ofxPatches */,
			);
			path = libs;
			sourceTree = "<group>";
		};
		38396EE217E2FED30099EA50 /* ofxPatches */ = {
			isa = PBXGroup;
			children = (
				38396EE317E2FED30099EA50 /* include */,
				38396F1617E2FED30099EA50 /* src */,
			);
			path = ofxPatches;
			sourceTree = "<group>";
		};
		38396EE317E2FED30099EA50 /* include */ = {
			isa = PBXGroup;
			children = (
				38396EE417E2FED30099EA50 /* ofxPatches */,
			);
			path = include;
			sourceTree = "<group>";
		};
		38396EE417E2FED30099EA50 /* ofxPatches */ = {
			isa = PBXGroup;
			children = (
				38396EE517E2FED30099EA50 /* Constants.h */,
				38396EE617E2FED30099EA50 /* ExtendedFXObject.h */,
				38396EE717E2FED30099EA50 /* Manager.h */,
				38396EE817E2FED30099EA50 /* Patch.h */,
				38396EE917E2FED30099EA50 /* patches */,
				38396F1417E2FED30099EA50 /* PatchInput.h */,
				38396F1517E2FED30099EA50 /* PatchOutput.h */,
			);
			path = ofxPatches;
			sourceTree = "<group>";
		};
		38396EE917E2FED30099EA50 /* patches */ = {
			isa = PBXGroup;
			children = (
				38396EEA17E2FED30099EA50 /* Accumulator.h */,
				38396EEB17E2FED30099EA50 /* AlphaMask.h */,
				38396EEC17E2FED30099EA50 /* BandFilter.h */,
				38396EED17E2FED30099EA50 /* BandPass.h */,
				38396EEE17E2FED30099EA50 /* BandThreshold.h */,
				38396EEF17E2FED30099EA50 /* Base3x3KernelEffect.h */,
				38396EF017E2FED30099EA50 /* Base5x5KernelEffect.h */,
				38396EF117E2FED30099EA50 /* Base7x7KernelEffect.h */,
				38396EF217E2FED30099EA50 /* BaseKernelEffect.h */,
				38396EF317E2FED30099EA50 /* BitwiseAND.h */,
				38396EF417E2FED30099EA50 /* BitwiseOR.h */,
				38396EF517E2FED30099EA50 /* BitwiseXOR.h */,
				38396EF617E2FED30099EA50 /* BlurGaussian.h */,
				38396EF717E2FED30099EA50 /* BlurMedian.h */,
				38396EF817E2FED30099EA50 /* BrightnessContrast.h */,
				38396EF917E2FED30099EA50 /* ChannelBalancer.h */,
				38396EFA17E2FED30099EA50 /* ChannelCombiner.h */,
				38396EFB17E2FED30099EA50 /* ChannelMask.h */,
				38396EFC17E2FED30099EA50 /* ColorBlock.h */,
				38396EFD17E2FED30099EA50 /* Crop.h */,
				38396EFE17E2FED30099EA50 /* CustomBW.h */,
				38396EFF17E2FED30099EA50 /* DifferenceAbsolute.h */,
				38396F0017E2FED30099EA50 /* DifferenceDarken.h */,
				38396F0117E2FED30099EA50 /* DifferenceLigthen.h */,
				38396F0217E2FED30099EA50 /* Dilate.h */,
				38396F0317E2FED30099EA50 /* EdgeLaplacian.h */,
				38396F0417E2FED30099EA50 /* EdgePrewitt.h */,
				38396F0517E2FED30099EA50 /* EdgeSobel.h */,
				38396F0617E2FED30099EA50 /* Erode.h */,
				38396F0717E2FED30099EA50 /* FixedSource.h */,
				38396F0817E2FED30099EA50 /* Gamma.h */,
				38396F0917E2FED30099EA50 /* HayasakaBlend.h */,
				38396F0A17E2FED30099EA50 /* HSL.h */,
				38396F0B17E2FED30099EA50 /* Invert.h */,
				38396F0C17E2FED30099EA50 /* OpticalFlow.h */,
				38396F0D17E2FED30099EA50 /* Paintbrush.h */,
				38396F0E17E2FED30099EA50 /* PerspectiveWarp.h */,
				38396F0F17E2FED30099EA50 /* RGBtoHSL.h */,
				38396F1017E2FED30099EA50 /* Sharpen.h */,
				38396F1117E2FED30099EA50 /* SphericalDistortion.h */,
				38396F1217E2FED30099EA50 /* TextureTiler.h */,
				38396F1317E2FED30099EA50 /* Threshold.h */,
			);
			path = patches;
			sourceTree = "<group>";
		};
		38396F1617E2FED30099EA50 /* src */ = {
			isa = PBXGroup;
			children = (
				38396F1717E2FED30099EA50 /* ExtendedFXObject.cpp */,
				38396F1817E2FED30099EA50 /* Manager.cpp */,
				38396F1917E2FED30099EA50 /* Patch.cpp */,
				38396F1A17E2FED30099EA50 /* PatchInput.cpp */,
				38396F1B17E2FED30099EA50 /* PatchOutput.cpp */,
			);
			path = src;
			sourceTree = "<group>";
		};
		38396F1C17E2FED30099EA50 /* src */ = {
			isa = PBXGroup;
			children = (
				38396F1D17E2FED30099EA50 /* ofxPatches.h */,
			);
			path = src;
			sourceTree = "<group>";
		};
		BB4B014C10F69532006C3DED /* addons */ = {
			isa = PBXGroup;
			children = (
				38396ECA17E2FED30099EA50 /* ofxPatches */,
				13ebfbd5a535d9f601941ac0a4ac6aba /* ofxMacamPs3Eye */,
			);
			name = addons;
			sourceTree = "<group>";
		};
		BBAB23C913894ECA00AA2426 /* system frameworks */ = {
			isa = PBXGroup;
			children = (
				E4C2424410CC5A17004149E2 /* AppKit.framework */,
				E4C2424510CC5A17004149E2 /* Cocoa.framework */,
				E4C2424610CC5A17004149E2 /* IOKit.framework */,
				E45BE9710E8CC7DD009D7055 /* AGL.framework */,
				E45BE9720E8CC7DD009D7055 /* ApplicationServices.framework */,
				E45BE9730E8CC7DD009D7055 /* AudioToolbox.framework */,
				E45BE9740E8CC7DD009D7055 /* Carbon.framework */,
				E45BE9750E8CC7DD009D7055 /* CoreAudio.framework */,
				E45BE9760E8CC7DD009D7055 /* CoreFoundation.framework */,
				E45BE9770E8CC7DD009D7055 /* CoreServices.framework */,
				E45BE9790E8CC7DD009D7055 /* OpenGL.framework */,
				E45BE97A0E8CC7DD009D7055 /* QuickTime.framework */,
			);
			name = "system frameworks";
			sourceTree = "<group>";
		};
		BBAB23CA13894EDB00AA2426 /* 3rd party frameworks */ = {
			isa = PBXGroup;
			children = (
				BBAB23BE13894E4700AA2426 /* GLUT.framework */,
			);
			name = "3rd party frameworks";
			sourceTree = "<group>";
		};
		E4328144138ABC890047C5CB /* Products */ = {
			isa = PBXGroup;
			children = (
				E4328148138ABC890047C5CB /* openFrameworksDebug.a */,
			);
			name = Products;
			sourceTree = "<group>";
		};
		E45BE5980E8CC70C009D7055 /* frameworks */ = {
			isa = PBXGroup;
			children = (
				BBAB23CA13894EDB00AA2426 /* 3rd party frameworks */,
				BBAB23C913894ECA00AA2426 /* system frameworks */,
			);
			name = frameworks;
			sourceTree = "<group>";
		};
		E4B69B4A0A3A1720003C02F2 = {
			isa = PBXGroup;
			children = (
				E4B6FCAD0C3E899E008CF71C /* openFrameworks-Info.plist */,
				E4EB6923138AFD0F00A09F29 /* Project.xcconfig */,
				E4B69E1C0A3A1BDC003C02F2 /* src */,
				E4EEC9E9138DF44700A80321 /* openFrameworks */,
				BB4B014C10F69532006C3DED /* addons */,
				E45BE5980E8CC70C009D7055 /* frameworks */,
				E4B69B5B0A3A1756003C02F2 /* exampleDebug.app */,
			);
			sourceTree = "<group>";
		};
		E4B69E1C0A3A1BDC003C02F2 /* src */ = {
			isa = PBXGroup;
			children = (
				E4B69E1D0A3A1BDC003C02F2 /* main.cpp */,
				E4B69E1E0A3A1BDC003C02F2 /* testApp.cpp */,
				E4B69E1F0A3A1BDC003C02F2 /* testApp.h */,
			);
			path = src;
			sourceTree = SOURCE_ROOT;
		};
		E4EEC9E9138DF44700A80321 /* openFrameworks */ = {
			isa = PBXGroup;
			children = (
				E4EB691F138AFCF100A09F29 /* CoreOF.xcconfig */,
				E4328143138ABC890047C5CB /* openFrameworksLib.xcodeproj */,
			);
			name = openFrameworks;
			sourceTree = "<group>";
		};
		e5e0522c87296aa71173405060d028a5 /* src */ = {
			isa = PBXGroup;
			children = (
				11b655511d84b97d78ab06e692acb3c3 /* macam */,
				6d052dc6b3f5629d6e7143259fae5ce2 /* ofxMacamPs3Eye.h */,
				23ee769655944e3157cc5088372291bb /* ofxMacamPs3Eye.mm */,
				f02d6d110be6f1f1d1c6544f99ebcac0 /* PS3EyeWindowAppDelegate.h */,
				464c839d30cceff771b2e422d22d39be /* PS3EyeWindowAppDelegate.m */,
			);
			name = src;
			sourceTree = "<group>";
		};
		f8614ff489415b4be9008a0999ab7079 /* include */ = {
			isa = PBXGroup;
			children = (
				2c52c43910e7831daa684ac03009aca5 /* AGC.h */,
				6e44e5c09c8d861d4939f9ae2cccac10 /* BayerConverter.h */,
				bc9cfe7abb8db2ca0f20d3fe4d994960 /* ControllerInterface.h */,
				2614fa287618e9cfafbf1c7b8cdf0866 /* FrameCounter.h */,
				f4298e07120123a1bdc14911b2b36bac /* GenericDriver.h */,
				87d93ee57ad57449e2495a189b645024 /* GlobalDefs.h */,
				eb138edee72a0fb98099f3dae821cbb8 /* Histogram.h */,
				ab387c0823b100ffddbbf9d2459c7880 /* LookUpTable.h */,
				c98555832c3fdead35dc1cf47cb89fb8 /* MiniGraphicsTools.h */,
				47be5485b4a3f404846499fa6e2f0495 /* MiscTools.h */,
				137e35916e00e8f932c77f4f152415cc /* MyCameraCentral.h */,
				2eb74ad8b15d2ae23201a2cf2acc2da6 /* MyCameraDriver.h */,
				bbfe848658bfd39968b880ead0c3938d /* MyCameraInfo.h */,
				96a74eee44271a03cd567617b2d1ba9a /* OV534Driver.h */,
				77931d91b3b629c34fa05dab49318c08 /* Resolvers.h */,
				1c0de6ddd52e789af4aa5fe6b5e4a635 /* Sensor.h */,
			);
			name = include;
			sourceTree = "<group>";
		};
/* End PBXGroup section */

/* Begin PBXNativeTarget section */
		E4B69B5A0A3A1756003C02F2 /* example */ = {
			isa = PBXNativeTarget;
			buildConfigurationList = E4B69B5F0A3A1757003C02F2 /* Build configuration list for PBXNativeTarget "example" */;
			buildPhases = (
				E4B69B580A3A1756003C02F2 /* Sources */,
				E4B69B590A3A1756003C02F2 /* Frameworks */,
				E4B6FFFD0C3F9AB9008CF71C /* ShellScript */,
				E4C2427710CC5ABF004149E2 /* CopyFiles */,
			);
			buildRules = (
			);
			dependencies = (
				E4EEB9AC138B136A00A80321 /* PBXTargetDependency */,
			);
			name = example;
			productName = myOFApp;
			productReference = E4B69B5B0A3A1756003C02F2 /* exampleDebug.app */;
			productType = "com.apple.product-type.application";
		};
/* End PBXNativeTarget section */

/* Begin PBXProject section */
		E4B69B4C0A3A1720003C02F2 /* Project object */ = {
			isa = PBXProject;
			buildConfigurationList = E4B69B4D0A3A1720003C02F2 /* Build configuration list for PBXProject "example" */;
			compatibilityVersion = "Xcode 2.4";
			developmentRegion = English;
			hasScannedForEncodings = 0;
			knownRegions = (
				English,
				Japanese,
				French,
				German,
			);
			mainGroup = E4B69B4A0A3A1720003C02F2;
			productRefGroup = E4B69B4A0A3A1720003C02F2;
			projectDirPath = "";
			projectReferences = (
				{
					ProductGroup = E4328144138ABC890047C5CB /* Products */;
					ProjectRef = E4328143138ABC890047C5CB /* openFrameworksLib.xcodeproj */;
				},
			);
			projectRoot = "";
			targets = (
				E4B69B5A0A3A1756003C02F2 /* example */,
			);
		};
/* End PBXProject section */

/* Begin PBXReferenceProxy section */
		E4328148138ABC890047C5CB /* openFrameworksDebug.a */ = {
			isa = PBXReferenceProxy;
			fileType = archive.ar;
			path = openFrameworksDebug.a;
			remoteRef = E4328147138ABC890047C5CB /* PBXContainerItemProxy */;
			sourceTree = BUILT_PRODUCTS_DIR;
		};
/* End PBXReferenceProxy section */

/* Begin PBXShellScriptBuildPhase section */
		E4B6FFFD0C3F9AB9008CF71C /* ShellScript */ = {
			isa = PBXShellScriptBuildPhase;
			buildActionMask = 2147483647;
			files = (
			);
			inputPaths = (
			);
			outputPaths = (
			);
			runOnlyForDeploymentPostprocessing = 0;
			shellPath = /bin/sh;
			shellScript = "cp -f ../../../libs/fmodex/lib/osx/libfmodex.dylib \"$TARGET_BUILD_DIR/$PRODUCT_NAME.app/Contents/MacOS/libfmodex.dylib\"; install_name_tool -change ./libfmodex.dylib @executable_path/libfmodex.dylib \"$TARGET_BUILD_DIR/$PRODUCT_NAME.app/Contents/MacOS/$PRODUCT_NAME\";";
		};
/* End PBXShellScriptBuildPhase section */

/* Begin PBXSourcesBuildPhase section */
		E4B69B580A3A1756003C02F2 /* Sources */ = {
			isa = PBXSourcesBuildPhase;
			buildActionMask = 2147483647;
			files = (
				E4B69E200A3A1BDC003C02F2 /* main.cpp in Sources */,
				E4B69E210A3A1BDC003C02F2 /* testApp.cpp in Sources */,
				49a32c9017d805133ec68733043dc964 /* AGC.m in Sources */,
				70d04cd0cf0891ebf497a21c168873e0 /* BayerConverter.m in Sources */,
				f04cccf871b1f43935bf762b1b56f835 /* ControllerInterface.m in Sources */,
				a977196b829a665aaf57e123c79b476a /* FrameCounter.m in Sources */,
				cd33672097fda1ffbedaa629a4c322b4 /* GenericDriver.m in Sources */,
				54246e0e70670038e43d95bc16105779 /* Histogram.m in Sources */,
				7420f743c006b26b95ff90512867d88a /* LookUpTable.m in Sources */,
				adf8b0ea6a6b24734c9aa58c80d2a217 /* MiniGraphicsTools.cpp in Sources */,
				b9da57768b33f7c78565d9985be82795 /* MiscTools.cpp in Sources */,
				f3e713688b294518f741b7e9625fa567 /* MyCameraCentral.m in Sources */,
				859c20916af9a4f8d4a929f6c3a84448 /* MyCameraDriver.m in Sources */,
				a6e663c9c7f2b67585fca31a4ca51310 /* MyCameraInfo.m in Sources */,
				4c223a5ac3b77923c42438f77e6dbe00 /* OV534Driver.m in Sources */,
				56c1461d4d6df6d99fcb8a9ad25529df /* Resolvers.cpp in Sources */,
				90965e88edd92e0d10b07fe2f54456d8 /* Sensor.m in Sources */,
				d181bfbb3780ad7fdfc2bf76815473aa /* ofxMacamPs3Eye.mm in Sources */,
				3321b96c9659105f44350a6c0a6b0619 /* PS3EyeWindowAppDelegate.m in Sources */,
				38396F2217E2FED30099EA50 /* ExtendedFXObject.cpp in Sources */,
				38396F2317E2FED30099EA50 /* Manager.cpp in Sources */,
				38396F2417E2FED30099EA50 /* Patch.cpp in Sources */,
				38396F2517E2FED30099EA50 /* PatchInput.cpp in Sources */,
				38396F2617E2FED30099EA50 /* PatchOutput.cpp in Sources */,
			);
			runOnlyForDeploymentPostprocessing = 0;
		};
/* End PBXSourcesBuildPhase section */

/* Begin PBXTargetDependency section */
		E4EEB9AC138B136A00A80321 /* PBXTargetDependency */ = {
			isa = PBXTargetDependency;
			name = openFrameworks;
			targetProxy = E4EEB9AB138B136A00A80321 /* PBXContainerItemProxy */;
		};
/* End PBXTargetDependency section */

/* Begin XCBuildConfiguration section */
		E4B69B4E0A3A1720003C02F2 /* Debug */ = {
			isa = XCBuildConfiguration;
			baseConfigurationReference = E4EB6923138AFD0F00A09F29 /* Project.xcconfig */;
			buildSettings = {
				ARCHS = "$(NATIVE_ARCH)";
				CONFIGURATION_BUILD_DIR = "$(SRCROOT)/bin/";
				COPY_PHASE_STRIP = NO;
				DEAD_CODE_STRIPPING = YES;
				GCC_AUTO_VECTORIZATION = YES;
				GCC_ENABLE_SSE3_EXTENSIONS = YES;
				GCC_ENABLE_SUPPLEMENTAL_SSE3_INSTRUCTIONS = YES;
				GCC_INLINES_ARE_PRIVATE_EXTERN = NO;
				GCC_OPTIMIZATION_LEVEL = 0;
				GCC_SYMBOLS_PRIVATE_EXTERN = NO;
				GCC_WARN_ABOUT_DEPRECATED_FUNCTIONS = YES;
				GCC_WARN_ABOUT_INVALID_OFFSETOF_MACRO = NO;
				GCC_WARN_ALLOW_INCOMPLETE_PROTOCOL = NO;
				GCC_WARN_UNINITIALIZED_AUTOS = NO;
				GCC_WARN_UNUSED_VALUE = NO;
				GCC_WARN_UNUSED_VARIABLE = NO;
				HEADER_SEARCH_PATHS = (
					"$(OF_CORE_HEADERS)",
					../../../addons/ofxMacamPs3Eye/libs,
					../../../addons/ofxMacamPs3Eye/src,
					../../../addons/ofxMacamPs3Eye/src/macam,
					../../../addons/ofxMacamPs3Eye/src/macam/include,
				);
				OTHER_CPLUSPLUSFLAGS = (
					"-D__MACOSX_CORE__",
					"-lpthread",
					"-mtune=native",
				);
			};
			name = Debug;
		};
		E4B69B4F0A3A1720003C02F2 /* Release */ = {
			isa = XCBuildConfiguration;
			baseConfigurationReference = E4EB6923138AFD0F00A09F29 /* Project.xcconfig */;
			buildSettings = {
				ARCHS = "$(NATIVE_ARCH)";
				CONFIGURATION_BUILD_DIR = "$(SRCROOT)/bin/";
				COPY_PHASE_STRIP = YES;
				DEAD_CODE_STRIPPING = YES;
				GCC_AUTO_VECTORIZATION = YES;
				GCC_ENABLE_SSE3_EXTENSIONS = YES;
				GCC_ENABLE_SUPPLEMENTAL_SSE3_INSTRUCTIONS = YES;
				GCC_INLINES_ARE_PRIVATE_EXTERN = NO;
				GCC_OPTIMIZATION_LEVEL = 3;
				GCC_SYMBOLS_PRIVATE_EXTERN = NO;
				GCC_UNROLL_LOOPS = YES;
				GCC_WARN_ABOUT_DEPRECATED_FUNCTIONS = YES;
				GCC_WARN_ABOUT_INVALID_OFFSETOF_MACRO = NO;
				GCC_WARN_ALLOW_INCOMPLETE_PROTOCOL = NO;
				GCC_WARN_UNINITIALIZED_AUTOS = NO;
				GCC_WARN_UNUSED_VALUE = NO;
				GCC_WARN_UNUSED_VARIABLE = NO;
				HEADER_SEARCH_PATHS = (
					"$(OF_CORE_HEADERS)",
					../../../addons/ofxMacamPs3Eye/libs,
					../../../addons/ofxMacamPs3Eye/src,
					../../../addons/ofxMacamPs3Eye/src/macam,
					../../../addons/ofxMacamPs3Eye/src/macam/include,
				);
				OTHER_CPLUSPLUSFLAGS = (
					"-D__MACOSX_CORE__",
					"-lpthread",
					"-mtune=native",
				);
			};
			name = Release;
		};
		E4B69B600A3A1757003C02F2 /* Debug */ = {
			isa = XCBuildConfiguration;
			buildSettings = {
				COPY_PHASE_STRIP = NO;
				FRAMEWORK_SEARCH_PATHS = (
					"$(inherited)",
					"$(FRAMEWORK_SEARCH_PATHS_QUOTED_FOR_TARGET_1)",
				);
				FRAMEWORK_SEARCH_PATHS_QUOTED_FOR_TARGET_1 = "\"$(SRCROOT)/../../../libs/glut/lib/osx\"";
				GCC_DYNAMIC_NO_PIC = NO;
				GCC_ENABLE_FIX_AND_CONTINUE = YES;
				GCC_GENERATE_DEBUGGING_SYMBOLS = YES;
				GCC_MODEL_TUNING = NONE;
				GCC_PRECOMPILE_PREFIX_HEADER = YES;
				GCC_PREFIX_HEADER = "$(SYSTEM_LIBRARY_DIR)/Frameworks/Carbon.framework/Headers/Carbon.h";
				INFOPLIST_FILE = "openFrameworks-Info.plist";
				INSTALL_PATH = "$(HOME)/Applications";
				LIBRARY_SEARCH_PATHS = (
					"$(inherited)",
					"$(LIBRARY_SEARCH_PATHS_QUOTED_FOR_TARGET_1)",
					"$(LIBRARY_SEARCH_PATHS_QUOTED_FOR_TARGET_2)",
					"$(LIBRARY_SEARCH_PATHS_QUOTED_FOR_TARGET_3)",
					"$(LIBRARY_SEARCH_PATHS_QUOTED_FOR_TARGET_4)",
					"$(LIBRARY_SEARCH_PATHS_QUOTED_FOR_TARGET_5)",
					"$(LIBRARY_SEARCH_PATHS_QUOTED_FOR_TARGET_6)",
					"$(LIBRARY_SEARCH_PATHS_QUOTED_FOR_TARGET_7)",
					"$(LIBRARY_SEARCH_PATHS_QUOTED_FOR_TARGET_8)",
					"$(LIBRARY_SEARCH_PATHS_QUOTED_FOR_TARGET_9)",
					"$(LIBRARY_SEARCH_PATHS_QUOTED_FOR_TARGET_10)",
					"$(LIBRARY_SEARCH_PATHS_QUOTED_FOR_TARGET_11)",
					"$(LIBRARY_SEARCH_PATHS_QUOTED_FOR_TARGET_12)",
					"$(LIBRARY_SEARCH_PATHS_QUOTED_FOR_TARGET_13)",
					"$(LIBRARY_SEARCH_PATHS_QUOTED_FOR_TARGET_14)",
					"$(LIBRARY_SEARCH_PATHS_QUOTED_FOR_TARGET_15)",
					"$(LIBRARY_SEARCH_PATHS_QUOTED_FOR_TARGET_2)",
					"$(LIBRARY_SEARCH_PATHS_QUOTED_FOR_TARGET_3)",
					"$(LIBRARY_SEARCH_PATHS_QUOTED_FOR_TARGET_7)",
					"$(LIBRARY_SEARCH_PATHS_QUOTED_FOR_TARGET_8)",
					"$(LIBRARY_SEARCH_PATHS_QUOTED_FOR_TARGET_9)",
					"$(LIBRARY_SEARCH_PATHS_QUOTED_FOR_TARGET_10)",
					"$(LIBRARY_SEARCH_PATHS_QUOTED_FOR_TARGET_11)",
					"$(LIBRARY_SEARCH_PATHS_QUOTED_FOR_TARGET_12)",
					"$(LIBRARY_SEARCH_PATHS_QUOTED_FOR_TARGET_13)",
					"$(LIBRARY_SEARCH_PATHS_QUOTED_FOR_TARGET_16)",
					"$(LIBRARY_SEARCH_PATHS_QUOTED_FOR_TARGET_17)",
					"$(LIBRARY_SEARCH_PATHS_QUOTED_FOR_TARGET_18)",
					"$(LIBRARY_SEARCH_PATHS_QUOTED_FOR_TARGET_19)",
					"$(LIBRARY_SEARCH_PATHS_QUOTED_FOR_TARGET_20)",
					"$(LIBRARY_SEARCH_PATHS_QUOTED_FOR_TARGET_21)",
					"$(LIBRARY_SEARCH_PATHS_QUOTED_FOR_TARGET_22)",
					"$(LIBRARY_SEARCH_PATHS_QUOTED_FOR_TARGET_23)",
					"$(LIBRARY_SEARCH_PATHS_QUOTED_FOR_TARGET_24)",
					"$(LIBRARY_SEARCH_PATHS_QUOTED_FOR_TARGET_25)",
					"$(LIBRARY_SEARCH_PATHS_QUOTED_FOR_TARGET_26)",
					"$(LIBRARY_SEARCH_PATHS_QUOTED_FOR_TARGET_27)",
					"$(LIBRARY_SEARCH_PATHS_QUOTED_FOR_TARGET_28)",
					"$(LIBRARY_SEARCH_PATHS_QUOTED_FOR_TARGET_29)",
					"$(LIBRARY_SEARCH_PATHS_QUOTED_FOR_TARGET_30)",
					"$(LIBRARY_SEARCH_PATHS_QUOTED_FOR_TARGET_31)",
					"$(LIBRARY_SEARCH_PATHS_QUOTED_FOR_TARGET_32)",
					"$(LIBRARY_SEARCH_PATHS_QUOTED_FOR_TARGET_33)",
					"$(LIBRARY_SEARCH_PATHS_QUOTED_FOR_TARGET_34)",
					"$(LIBRARY_SEARCH_PATHS_QUOTED_FOR_TARGET_35)",
					"$(LIBRARY_SEARCH_PATHS_QUOTED_FOR_TARGET_36)",
					"$(LIBRARY_SEARCH_PATHS_QUOTED_FOR_TARGET_37)",
					"$(LIBRARY_SEARCH_PATHS_QUOTED_FOR_TARGET_38)",
					"$(LIBRARY_SEARCH_PATHS_QUOTED_FOR_TARGET_39)",
					"$(LIBRARY_SEARCH_PATHS_QUOTED_FOR_TARGET_40)",
					"$(LIBRARY_SEARCH_PATHS_QUOTED_FOR_TARGET_41)",
					"$(LIBRARY_SEARCH_PATHS_QUOTED_FOR_TARGET_42)",
					"$(LIBRARY_SEARCH_PATHS_QUOTED_FOR_TARGET_43)",
					"$(LIBRARY_SEARCH_PATHS_QUOTED_FOR_TARGET_44)",
					"$(LIBRARY_SEARCH_PATHS_QUOTED_FOR_TARGET_45)",
					"$(LIBRARY_SEARCH_PATHS_QUOTED_FOR_TARGET_46)",
					"$(LIBRARY_SEARCH_PATHS_QUOTED_FOR_TARGET_47)",
					"$(LIBRARY_SEARCH_PATHS_QUOTED_FOR_TARGET_48)",
					"$(LIBRARY_SEARCH_PATHS_QUOTED_FOR_TARGET_49)",
					"$(LIBRARY_SEARCH_PATHS_QUOTED_FOR_TARGET_50)",
					"$(LIBRARY_SEARCH_PATHS_QUOTED_FOR_TARGET_51)",
					"$(LIBRARY_SEARCH_PATHS_QUOTED_FOR_TARGET_52)",
				);
				PREBINDING = NO;
				PRODUCT_NAME = "$(TARGET_NAME)Debug";
				SDKROOT = "";
				WRAPPER_EXTENSION = app;
			};
			name = Debug;
		};
		E4B69B610A3A1757003C02F2 /* Release */ = {
			isa = XCBuildConfiguration;
			buildSettings = {
				COPY_PHASE_STRIP = YES;
				FRAMEWORK_SEARCH_PATHS = (
					"$(inherited)",
					"$(FRAMEWORK_SEARCH_PATHS_QUOTED_FOR_TARGET_1)",
				);
				FRAMEWORK_SEARCH_PATHS_QUOTED_FOR_TARGET_1 = "\"$(SRCROOT)/../../../libs/glut/lib/osx\"";
				GCC_ENABLE_FIX_AND_CONTINUE = NO;
				GCC_GENERATE_DEBUGGING_SYMBOLS = YES;
				GCC_MODEL_TUNING = NONE;
				GCC_PRECOMPILE_PREFIX_HEADER = YES;
				GCC_PREFIX_HEADER = "$(SYSTEM_LIBRARY_DIR)/Frameworks/Carbon.framework/Headers/Carbon.h";
				INFOPLIST_FILE = "openFrameworks-Info.plist";
				INSTALL_PATH = "$(HOME)/Applications";
				LIBRARY_SEARCH_PATHS = (
					"$(inherited)",
					"$(LIBRARY_SEARCH_PATHS_QUOTED_FOR_TARGET_1)",
					"$(LIBRARY_SEARCH_PATHS_QUOTED_FOR_TARGET_2)",
					"$(LIBRARY_SEARCH_PATHS_QUOTED_FOR_TARGET_3)",
					"$(LIBRARY_SEARCH_PATHS_QUOTED_FOR_TARGET_4)",
					"$(LIBRARY_SEARCH_PATHS_QUOTED_FOR_TARGET_5)",
					"$(LIBRARY_SEARCH_PATHS_QUOTED_FOR_TARGET_6)",
					"$(LIBRARY_SEARCH_PATHS_QUOTED_FOR_TARGET_7)",
					"$(LIBRARY_SEARCH_PATHS_QUOTED_FOR_TARGET_8)",
					"$(LIBRARY_SEARCH_PATHS_QUOTED_FOR_TARGET_9)",
					"$(LIBRARY_SEARCH_PATHS_QUOTED_FOR_TARGET_10)",
					"$(LIBRARY_SEARCH_PATHS_QUOTED_FOR_TARGET_11)",
					"$(LIBRARY_SEARCH_PATHS_QUOTED_FOR_TARGET_12)",
					"$(LIBRARY_SEARCH_PATHS_QUOTED_FOR_TARGET_13)",
					"$(LIBRARY_SEARCH_PATHS_QUOTED_FOR_TARGET_14)",
					"$(LIBRARY_SEARCH_PATHS_QUOTED_FOR_TARGET_15)",
					"$(LIBRARY_SEARCH_PATHS_QUOTED_FOR_TARGET_2)",
					"$(LIBRARY_SEARCH_PATHS_QUOTED_1)",
					"$(LIBRARY_SEARCH_PATHS_QUOTED_FOR_TARGET_3)",
					"$(LIBRARY_SEARCH_PATHS_QUOTED_FOR_TARGET_7)",
					"$(LIBRARY_SEARCH_PATHS_QUOTED_FOR_TARGET_8)",
					"$(LIBRARY_SEARCH_PATHS_QUOTED_FOR_TARGET_9)",
					"$(LIBRARY_SEARCH_PATHS_QUOTED_FOR_TARGET_10)",
					"$(LIBRARY_SEARCH_PATHS_QUOTED_FOR_TARGET_11)",
					"$(LIBRARY_SEARCH_PATHS_QUOTED_FOR_TARGET_12)",
					"$(LIBRARY_SEARCH_PATHS_QUOTED_FOR_TARGET_13)",
					"$(LIBRARY_SEARCH_PATHS_QUOTED_FOR_TARGET_16)",
					"$(LIBRARY_SEARCH_PATHS_QUOTED_FOR_TARGET_17)",
					"$(LIBRARY_SEARCH_PATHS_QUOTED_FOR_TARGET_18)",
					"$(LIBRARY_SEARCH_PATHS_QUOTED_FOR_TARGET_19)",
					"$(LIBRARY_SEARCH_PATHS_QUOTED_FOR_TARGET_20)",
					"$(LIBRARY_SEARCH_PATHS_QUOTED_FOR_TARGET_21)",
					"$(LIBRARY_SEARCH_PATHS_QUOTED_FOR_TARGET_22)",
					"$(LIBRARY_SEARCH_PATHS_QUOTED_FOR_TARGET_23)",
					"$(LIBRARY_SEARCH_PATHS_QUOTED_FOR_TARGET_24)",
					"$(LIBRARY_SEARCH_PATHS_QUOTED_FOR_TARGET_25)",
					"$(LIBRARY_SEARCH_PATHS_QUOTED_FOR_TARGET_26)",
					"$(LIBRARY_SEARCH_PATHS_QUOTED_FOR_TARGET_27)",
					"$(LIBRARY_SEARCH_PATHS_QUOTED_FOR_TARGET_28)",
					"$(LIBRARY_SEARCH_PATHS_QUOTED_FOR_TARGET_29)",
					"$(LIBRARY_SEARCH_PATHS_QUOTED_FOR_TARGET_30)",
					"$(LIBRARY_SEARCH_PATHS_QUOTED_FOR_TARGET_31)",
					"$(LIBRARY_SEARCH_PATHS_QUOTED_FOR_TARGET_32)",
					"$(LIBRARY_SEARCH_PATHS_QUOTED_FOR_TARGET_33)",
					"$(LIBRARY_SEARCH_PATHS_QUOTED_FOR_TARGET_34)",
					"$(LIBRARY_SEARCH_PATHS_QUOTED_FOR_TARGET_35)",
					"$(LIBRARY_SEARCH_PATHS_QUOTED_FOR_TARGET_36)",
					"$(LIBRARY_SEARCH_PATHS_QUOTED_FOR_TARGET_37)",
					"$(LIBRARY_SEARCH_PATHS_QUOTED_FOR_TARGET_38)",
					"$(LIBRARY_SEARCH_PATHS_QUOTED_FOR_TARGET_39)",
					"$(LIBRARY_SEARCH_PATHS_QUOTED_FOR_TARGET_40)",
					"$(LIBRARY_SEARCH_PATHS_QUOTED_FOR_TARGET_41)",
					"$(LIBRARY_SEARCH_PATHS_QUOTED_FOR_TARGET_42)",
					"$(LIBRARY_SEARCH_PATHS_QUOTED_FOR_TARGET_43)",
					"$(LIBRARY_SEARCH_PATHS_QUOTED_FOR_TARGET_44)",
					"$(LIBRARY_SEARCH_PATHS_QUOTED_FOR_TARGET_45)",
					"$(LIBRARY_SEARCH_PATHS_QUOTED_FOR_TARGET_46)",
					"$(LIBRARY_SEARCH_PATHS_QUOTED_FOR_TARGET_47)",
					"$(LIBRARY_SEARCH_PATHS_QUOTED_FOR_TARGET_48)",
					"$(LIBRARY_SEARCH_PATHS_QUOTED_FOR_TARGET_49)",
					"$(LIBRARY_SEARCH_PATHS_QUOTED_FOR_TARGET_50)",
					"$(LIBRARY_SEARCH_PATHS_QUOTED_FOR_TARGET_51)",
				);
				PREBINDING = NO;
				PRODUCT_NAME = "$(TARGET_NAME)";
				SDKROOT = "";
				WRAPPER_EXTENSION = app;
			};
			name = Release;
		};
/* End XCBuildConfiguration section */

/* Begin XCConfigurationList section */
		E4B69B4D0A3A1720003C02F2 /* Build configuration list for PBXProject "example" */ = {
			isa = XCConfigurationList;
			buildConfigurations = (
				E4B69B4E0A3A1720003C02F2 /* Debug */,
				E4B69B4F0A3A1720003C02F2 /* Release */,
			);
			defaultConfigurationIsVisible = 0;
			defaultConfigurationName = Release;
		};
		E4B69B5F0A3A1757003C02F2 /* Build configuration list for PBXNativeTarget "example" */ = {
			isa = XCConfigurationList;
			buildConfigurations = (
				E4B69B600A3A1757003C02F2 /* Debug */,
				E4B69B610A3A1757003C02F2 /* Release */,
			);
			defaultConfigurationIsVisible = 0;
			defaultConfigurationName = Release;
		};
/* End XCConfigurationList section */
	};
	rootObject = E4B69B4C0A3A1720003C02F2 /* Project object */;
}
